
Microsoft Visual Studio Solution File, Format Version 12.00
# Visual Studio 15
VisualStudioVersion = 15.0.27703.2042
MinimumVisualStudioVersion = 10.0.40219.1
Project("{E24C65DC-7377-472B-9ABA-BC803B73C61A}") = "MeisterReport", "MeisterReport\", "{4F05801C-B469-4A32-9FEE-0BE07210019A}"
	ProjectSection(WebsiteProperties) = preProject
		TargetFrameworkMoniker = ".NETFramework,Version%3Dv4.7.2"
		Debug.AspNetCompiler.VirtualPath = "/localhost_59980"
		Debug.AspNetCompiler.PhysicalPath = "MeisterReport\"
		Debug.AspNetCompiler.TargetPath = "PrecompiledWeb\localhost_59980\"
		Debug.AspNetCompiler.Updateable = "true"
		Debug.AspNetCompiler.ForceOverwrite = "true"
		Debug.AspNetCompiler.FixedNames = "false"
		Debug.AspNetCompiler.Debug = "True"
		Release.AspNetCompiler.VirtualPath = "/localhost_59980"
		Release.AspNetCompiler.PhysicalPath = "MeisterReport\"
		Release.AspNetCompiler.TargetPath = "PrecompiledWeb\localhost_59980\"
		Release.AspNetCompiler.Updateable = "true"
		Release.AspNetCompiler.ForceOverwrite = "true"
		Release.AspNetCompiler.FixedNames = "false"
		Release.AspNetCompiler.Debug = "False"
		VWDPort = "59980"
		SlnRelativePath = "MeisterReport\"
		DefaultWebSiteLanguage = "Visual C#"
	EndProjectSection
EndProject
Global
	GlobalSection(SolutionConfigurationPlatforms) = preSolution
		Debug|Any CPU = Debug|Any CPU
		Release|Any CPU = Release|Any CPU
	EndGlobalSection
	GlobalSection(ProjectConfigurationPlatforms) = postSolution
		{4F05801C-B469-4A32-9FEE-0BE07210019A}.Debug|Any CPU.ActiveCfg = Debug|Any CPU
		{4F05801C-B469-4A32-9FEE-0BE07210019A}.Debug|Any CPU.Build.0 = Debug|Any CPU
		{4F05801C-B469-4A32-9FEE-0BE07210019A}.Release|Any CPU.ActiveCfg = Debug|Any CPU
		{4F05801C-B469-4A32-9FEE-0BE07210019A}.Release|Any CPU.Build.0 = Debug|Any CPU
	EndGlobalSection
	GlobalSection(SolutionProperties) = preSolution
		HideSolutionNode = FALSE
	EndGlobalSection
	GlobalSection(ExtensibilityGlobals) = postSolution
		SolutionGuid = {9CD3F7B2-59F1-4CDF-84CB-D3805284EF7A}
	EndGlobalSection
EndGlobal
